
Microsoft Visual Studio Solution File, Format Version 12.00
# Visual Studio Version 17
VisualStudioVersion = 17.8.34330.188
MinimumVisualStudioVersion = 10.0.40219.1
Project("{2150E333-8FDC-42A3-9474-1A3956D46DE8}") = "Files", "Files", "{1209C0C6-2B91-4D4D-8785-48FB38BF0410}"
	ProjectSection(SolutionItems) = preProject
		.github\workflows\build.yml = .github\workflows\build.yml
	EndProjectSection
EndProject
Project("{9A19103F-16F7-4668-BE54-9A1E7A4F7556}") = "IronSkrypt.Compiler", "IronSkrypt.Compiler\IronSkrypt.Compiler.csproj", "{069A7DA4-482C-43BF-8601-21CDC661892E}"
EndProject
Project("{9A19103F-16F7-4668-BE54-9A1E7A4F7556}") = "IronSkrypt.Compiler.CLI", "IronSkrypt.Compiler.CLI\IronSkrypt.Compiler.CLI.csproj", "{4F8E4E6D-4DCE-49F3-9FA6-6A2B7BF1B977}"
EndProject
Project("{9A19103F-16F7-4668-BE54-9A1E7A4F7556}") = "IronSkrypt.Runtime", "IronSkrypt.Runtime\IronSkrypt.Runtime.csproj", "{0DDE6E4C-BE4E-4855-915B-98F133259101}"
EndProject
Global
	GlobalSection(SolutionConfigurationPlatforms) = preSolution
		Debug|Any CPU = Debug|Any CPU
		Release|Any CPU = Release|Any CPU
	EndGlobalSection
	GlobalSection(ProjectConfigurationPlatforms) = postSolution
		{069A7DA4-482C-43BF-8601-21CDC661892E}.Debug|Any CPU.ActiveCfg = Debug|Any CPU
		{069A7DA4-482C-43BF-8601-21CDC661892E}.Debug|Any CPU.Build.0 = Debug|Any CPU
		{069A7DA4-482C-43BF-8601-21CDC661892E}.Release|Any CPU.ActiveCfg = Release|Any CPU
		{069A7DA4-482C-43BF-8601-21CDC661892E}.Release|Any CPU.Build.0 = Release|Any CPU
		{4F8E4E6D-4DCE-49F3-9FA6-6A2B7BF1B977}.Debug|Any CPU.ActiveCfg = Debug|Any CPU
		{4F8E4E6D-4DCE-49F3-9FA6-6A2B7BF1B977}.Debug|Any CPU.Build.0 = Debug|Any CPU
		{4F8E4E6D-4DCE-49F3-9FA6-6A2B7BF1B977}.Release|Any CPU.ActiveCfg = Release|Any CPU
		{4F8E4E6D-4DCE-49F3-9FA6-6A2B7BF1B977}.Release|Any CPU.Build.0 = Release|Any CPU
		{0DDE6E4C-BE4E-4855-915B-98F133259101}.Debug|Any CPU.ActiveCfg = Debug|Any CPU
		{0DDE6E4C-BE4E-4855-915B-98F133259101}.Debug|Any CPU.Build.0 = Debug|Any CPU
		{0DDE6E4C-BE4E-4855-915B-98F133259101}.Release|Any CPU.ActiveCfg = Release|Any CPU
		{0DDE6E4C-BE4E-4855-915B-98F133259101}.Release|Any CPU.Build.0 = Release|Any CPU
	EndGlobalSection
	GlobalSection(SolutionProperties) = preSolution
		HideSolutionNode = FALSE
	EndGlobalSection
	GlobalSection(ExtensibilityGlobals) = postSolution
		SolutionGuid = {9E071F09-1F77-42D0-8227-DFF148820E14}
	EndGlobalSection
EndGlobal
